
Microsoft Visual Studio Solution File, Format Version 12.00
# Visual Studio Version 17
VisualStudioVersion = 17.3.32901.215
MinimumVisualStudioVersion = 10.0.40219.1
Project("{2150E333-8FDC-42A3-9474-1A3956D46DE8}") = "src", "src", "{B26D930E-CDA7-4DE8-A04B-6F1CAD160977}"
EndProject
Project("{9A19103F-16F7-4668-BE54-9A1E7A4F7556}") = "Engine", "src\Engine\Engine.csproj", "{01122348-989A-403D-B133-5632E86044B2}"
EndProject
Project("{9A19103F-16F7-4668-BE54-9A1E7A4F7556}") = "Game", "src\Game\Game.csproj", "{4066AAF8-0862-4FCE-9CF8-B27F0A6EA498}"
EndProject
Project("{FAE04EC0-301F-11D3-BF4B-00C04F79EFBC}") = "TinyLog", "src\TinyLog\TinyLog.csproj", "{465B32D3-6FBF-450B-9113-89887D3A217D}"
EndProject
Global
	GlobalSection(SolutionConfigurationPlatforms) = preSolution
		Debug|Any CPU = Debug|Any CPU
		Release|Any CPU = Release|Any CPU
	EndGlobalSection
	GlobalSection(ProjectConfigurationPlatforms) = postSolution
		{01122348-989A-403D-B133-5632E86044B2}.Debug|Any CPU.ActiveCfg = Debug|Any CPU
		{01122348-989A-403D-B133-5632E86044B2}.Debug|Any CPU.Build.0 = Debug|Any CPU
		{01122348-989A-403D-B133-5632E86044B2}.Release|Any CPU.ActiveCfg = Release|Any CPU
		{01122348-989A-403D-B133-5632E86044B2}.Release|Any CPU.Build.0 = Release|Any CPU
		{4066AAF8-0862-4FCE-9CF8-B27F0A6EA498}.Debug|Any CPU.ActiveCfg = Debug|Any CPU
		{4066AAF8-0862-4FCE-9CF8-B27F0A6EA498}.Debug|Any CPU.Build.0 = Debug|Any CPU
		{4066AAF8-0862-4FCE-9CF8-B27F0A6EA498}.Release|Any CPU.ActiveCfg = Release|Any CPU
		{4066AAF8-0862-4FCE-9CF8-B27F0A6EA498}.Release|Any CPU.Build.0 = Release|Any CPU
		{465B32D3-6FBF-450B-9113-89887D3A217D}.Debug|Any CPU.ActiveCfg = Debug|Any CPU
		{465B32D3-6FBF-450B-9113-89887D3A217D}.Debug|Any CPU.Build.0 = Debug|Any CPU
		{465B32D3-6FBF-450B-9113-89887D3A217D}.Release|Any CPU.ActiveCfg = Release|Any CPU
		{465B32D3-6FBF-450B-9113-89887D3A217D}.Release|Any CPU.Build.0 = Release|Any CPU
	EndGlobalSection
	GlobalSection(SolutionProperties) = preSolution
		HideSolutionNode = FALSE
	EndGlobalSection
	GlobalSection(NestedProjects) = preSolution
		{01122348-989A-403D-B133-5632E86044B2} = {B26D930E-CDA7-4DE8-A04B-6F1CAD160977}
		{4066AAF8-0862-4FCE-9CF8-B27F0A6EA498} = {B26D930E-CDA7-4DE8-A04B-6F1CAD160977}
		{465B32D3-6FBF-450B-9113-89887D3A217D} = {B26D930E-CDA7-4DE8-A04B-6F1CAD160977}
	EndGlobalSection
	GlobalSection(ExtensibilityGlobals) = postSolution
		SolutionGuid = {DD6C666A-FA4D-4622-98CA-0AB3844F99A2}
	EndGlobalSection
EndGlobal
